github.com/BurntSushi/toml v1.1.0 h1:ksErzDEI1khOiGPgpwuI7x2ebx/uXQNw7xJpn9Eq1+I=
github.com/BurntSushi/toml v1.1.0/go.mod h1:CxXYINrC8qIiEnFrOxCa7Jy5BFHlXnUU2pbicEuybxQ=
github.com/axgle/mahonia v0.0.0-20180208002826-3358181d7394 h1:OYA+5W64v3OgClL+IrOD63t4i/RW7RqrAVl9LTZ9UqQ=
github.com/axgle/mahonia v0.0.0-20180208002826-3358181d7394/go.mod h1:Q8n74mJTIgjX4RBBcHnJ05h//6/k6foqmgE45jTQtxg=
github.com/go-sql-driver/mysql v1.5.0/go.mod h1:DCzpHaOWr8IXmIStZouvnhqoel9Qv2LBy8hT2VhHyBg=
github.com/go-sql-driver/mysql v1.6.0 h1:BCTh4TKNUYmOmMUcQ3IipzF5prigylS7XXjEkfCHuOE=
github.com/go-sql-driver/mysql v1.6.0/go.mod h1:DCzpHaOWr8IXmIStZouvnhqoel9Qv2LBy8hT2VhHyBg=
github.com/whencome/gomodel v1.1.1 h1:59DBnk8TEvHBfdPvtBogoZ+T11xpvkPVCncRwKLmDFI=
github.com/whencome/gomodel v1.1.1/go.mod h1:/GqmI9+Lk2U7E9a3FwlYhp8hyiGcrWKyI0yBv9kSGP0=
github.com/whencome/gotil v0.0.0-20220110133327-37186cf217c6 h1:fA2aiskmLtZKsRjuWjbcl6wJsxY+rRJ1Caai04+kh48=
github.com/whencome/gotil v0.0.0-20220110133327-37186cf217c6/go.mod h1:yoVLhq5eI7lTczl88g63CK3HRm4CvAS07pib6siCy5c=
github.com/whencome/xlog v1.2.8 h1:OQJ86C/Ng+2t3MddnZzuF9MdqFLd8U5+n7FIVGMzmzs=
github.com/whencome/xlog v1.2.8/go.mod h1:xKSsdqf72zFOpLuctC7CxU6WKAK0OlDKaM2vEGsdu60=
